{
  "lockfileVersion": 1,
  "workspaces": {
    "": {
      "name": "htmx-pwa-frontend",
      "dependencies": {
        "html-template-tag": "^4.1.1",
      },
      "devDependencies": {
        "@types/bun": "latest",
        "@types/serviceworker": "^0.0.132",
      },
      "peerDependencies": {
        "typescript": "^5",
      },
    },
  },
  "packages": {
    "@types/bun": ["@types/bun@1.2.11", "", { "dependencies": { "bun-types": "1.2.11" } }, "sha512-ZLbbI91EmmGwlWTRWuV6J19IUiUC5YQ3TCEuSHI3usIP75kuoA8/0PVF+LTrbEnVc8JIhpElWOxv1ocI1fJBbw=="],

    "@types/node": ["@types/node@22.15.3", "", { "dependencies": { "undici-types": "~6.21.0" } }, "sha512-lX7HFZeHf4QG/J7tBZqrCAXwz9J5RD56Y6MpP0eJkka8p+K0RY/yBTW7CYFJ4VGCclxqOLKmiGP5juQc6MKgcw=="],

    "@types/serviceworker": ["@types/serviceworker@0.0.132", "", {}, "sha512-t/3jf1pA2EyxfltOT0yjTM4Ys6G8QXYoSoMLMumJ+wFBtVVdY3VkIsijwufswCeuM5Pp7USq2MJrRcFlkAXrRw=="],

    "bun-types": ["bun-types@1.2.11", "", { "dependencies": { "@types/node": "*" } }, "sha512-dbkp5Lo8HDrXkLrONm6bk+yiiYQSntvFUzQp0v3pzTAsXk6FtgVMjdQ+lzFNVAmQFUkPQZ3WMZqH5tTo+Dp/IA=="],

    "html-element-attributes": ["html-element-attributes@3.4.0", "", {}, "sha512-u76G07278nacmHiSKs1yxbB2se0aiuQH8uJidyDMc6har3HRpFAR/sDKrZR426p03vu7QuvPAcaLMhp4kWcRbg=="],

    "html-es6cape": ["html-es6cape@2.0.2", "", {}, "sha512-utzhH8rq2VABdW1LsPdv5tmxeMNOtP83If0jKCa79xPBgLWfcMvdf9K+EZoxJ5P7KioCxTs6WBnSDWLQHJ2lWA=="],

    "html-template-tag": ["html-template-tag@4.1.1", "", { "dependencies": { "html-element-attributes": "^3.4.0", "html-es6cape": "^2.0.0" } }, "sha512-lHiH/LZgS9dmW1GyjtNEKdpREd3o+qvhFZKFgM/9MyQ33BOZ+KXQDVcVkXgOkxEgrwjIWPLexgBPn6ooL6CV+g=="],

    "typescript": ["typescript@5.8.3", "", { "bin": { "tsc": "bin/tsc", "tsserver": "bin/tsserver" } }, "sha512-p1diW6TqL9L07nNxvRMM7hMMw4c5XOo/1ibL4aAIGmSAt9slTE1Xgw5KWuof2uTOvCg9BY7ZRi+GaF+7sfgPeQ=="],

    "undici-types": ["undici-types@6.21.0", "", {}, "sha512-iwDZqg0QAGrg9Rav5H4n0M64c3mkR59cJ6wQp+7C4nI0gsmExaedaYLNO44eT4AtBBwjbTiGPMlt2Md0T9H9JQ=="],
  }
}
