{
  "lockfileVersion": 1,
  "workspaces": {
    "": {
      "name": "frontend",
      "dependencies": {
        "@builder.io/qwik": "^1.13.0",
        "tailwindcss": "^4.1.7",
      },
      "devDependencies": {
        "@tailwindcss/vite": "^4.1.7",
        "openapi-typescript": "^7.8.0",
        "serve": "^14.2.4",
        "typescript": "~5.8.3",
        "vite": "^6.3.5",
      },
    },
  },
  "packages": {
    "@ampproject/remapping": ["@ampproject/remapping@2.3.0", "", { "dependencies": { "@jridgewell/gen-mapping": "^0.3.5", "@jridgewell/trace-mapping": "^0.3.24" } }, "sha512-30iZtAPgz+LTIYoeivqYo853f02jBYSd5uGnGpkFV0M3xOt9aN73erkgYAmZU43x4VfqcnLxW9Kpg3R5LC4YYw=="],

    "@babel/code-frame": ["@babel/code-frame@7.27.1", "", { "dependencies": { "@babel/helper-validator-identifier": "^7.27.1", "js-tokens": "^4.0.0", "picocolors": "^1.1.1" } }, "sha512-cjQ7ZlQ0Mv3b47hABuTevyTuYN4i+loJKGeV9flcCgIK37cCXRh+L1bd3iBHlynerhQ7BhCkn2BPbQUL+rGqFg=="],

    "@babel/helper-validator-identifier": ["@babel/helper-validator-identifier@7.27.1", "", {}, "sha512-D2hP9eA+Sqx1kBZgzxZh0y1trbuU+JoDkiEwqhQ36nodYqJwyEIhPSdMNd7lOm/4io72luTPWH20Yda0xOuUow=="],

    "@builder.io/qwik": ["@builder.io/qwik@1.14.0", "", { "dependencies": { "csstype": "^3.1", "rollup": ">= 4.39.0" }, "peerDependencies": { "vite": "^5" }, "bin": { "qwik": "qwik-cli.cjs" } }, "sha512-jl/a2wBPd5P17UQ5sCfo2/i1WGVkK/UoBKxhGb9867ekhVL2XvCHAUaAxBSAVUWuI8y1YMvRpRG7BZcveApj6A=="],

    "@esbuild/aix-ppc64": ["@esbuild/aix-ppc64@0.25.4", "", { "os": "aix", "cpu": "ppc64" }, "sha512-1VCICWypeQKhVbE9oW/sJaAmjLxhVqacdkvPLEjwlttjfwENRSClS8EjBz0KzRyFSCPDIkuXW34Je/vk7zdB7Q=="],

    "@esbuild/android-arm": ["@esbuild/android-arm@0.25.4", "", { "os": "android", "cpu": "arm" }, "sha512-QNdQEps7DfFwE3hXiU4BZeOV68HHzYwGd0Nthhd3uCkkEKK7/R6MTgM0P7H7FAs5pU/DIWsviMmEGxEoxIZ+ZQ=="],

    "@esbuild/android-arm64": ["@esbuild/android-arm64@0.25.4", "", { "os": "android", "cpu": "arm64" }, "sha512-bBy69pgfhMGtCnwpC/x5QhfxAz/cBgQ9enbtwjf6V9lnPI/hMyT9iWpR1arm0l3kttTr4L0KSLpKmLp/ilKS9A=="],

    "@esbuild/android-x64": ["@esbuild/android-x64@0.25.4", "", { "os": "android", "cpu": "x64" }, "sha512-TVhdVtQIFuVpIIR282btcGC2oGQoSfZfmBdTip2anCaVYcqWlZXGcdcKIUklfX2wj0JklNYgz39OBqh2cqXvcQ=="],

    "@esbuild/darwin-arm64": ["@esbuild/darwin-arm64@0.25.4", "", { "os": "darwin", "cpu": "arm64" }, "sha512-Y1giCfM4nlHDWEfSckMzeWNdQS31BQGs9/rouw6Ub91tkK79aIMTH3q9xHvzH8d0wDru5Ci0kWB8b3up/nl16g=="],

    "@esbuild/darwin-x64": ["@esbuild/darwin-x64@0.25.4", "", { "os": "darwin", "cpu": "x64" }, "sha512-CJsry8ZGM5VFVeyUYB3cdKpd/H69PYez4eJh1W/t38vzutdjEjtP7hB6eLKBoOdxcAlCtEYHzQ/PJ/oU9I4u0A=="],

    "@esbuild/freebsd-arm64": ["@esbuild/freebsd-arm64@0.25.4", "", { "os": "freebsd", "cpu": "arm64" }, "sha512-yYq+39NlTRzU2XmoPW4l5Ifpl9fqSk0nAJYM/V/WUGPEFfek1epLHJIkTQM6bBs1swApjO5nWgvr843g6TjxuQ=="],

    "@esbuild/freebsd-x64": ["@esbuild/freebsd-x64@0.25.4", "", { "os": "freebsd", "cpu": "x64" }, "sha512-0FgvOJ6UUMflsHSPLzdfDnnBBVoCDtBTVyn/MrWloUNvq/5SFmh13l3dvgRPkDihRxb77Y17MbqbCAa2strMQQ=="],

    "@esbuild/linux-arm": ["@esbuild/linux-arm@0.25.4", "", { "os": "linux", "cpu": "arm" }, "sha512-kro4c0P85GMfFYqW4TWOpvmF8rFShbWGnrLqlzp4X1TNWjRY3JMYUfDCtOxPKOIY8B0WC8HN51hGP4I4hz4AaQ=="],

    "@esbuild/linux-arm64": ["@esbuild/linux-arm64@0.25.4", "", { "os": "linux", "cpu": "arm64" }, "sha512-+89UsQTfXdmjIvZS6nUnOOLoXnkUTB9hR5QAeLrQdzOSWZvNSAXAtcRDHWtqAUtAmv7ZM1WPOOeSxDzzzMogiQ=="],

    "@esbuild/linux-ia32": ["@esbuild/linux-ia32@0.25.4", "", { "os": "linux", "cpu": "ia32" }, "sha512-yTEjoapy8UP3rv8dB0ip3AfMpRbyhSN3+hY8mo/i4QXFeDxmiYbEKp3ZRjBKcOP862Ua4b1PDfwlvbuwY7hIGQ=="],

    "@esbuild/linux-loong64": ["@esbuild/linux-loong64@0.25.4", "", { "os": "linux", "cpu": "none" }, "sha512-NeqqYkrcGzFwi6CGRGNMOjWGGSYOpqwCjS9fvaUlX5s3zwOtn1qwg1s2iE2svBe4Q/YOG1q6875lcAoQK/F4VA=="],

    "@esbuild/linux-mips64el": ["@esbuild/linux-mips64el@0.25.4", "", { "os": "linux", "cpu": "none" }, "sha512-IcvTlF9dtLrfL/M8WgNI/qJYBENP3ekgsHbYUIzEzq5XJzzVEV/fXY9WFPfEEXmu3ck2qJP8LG/p3Q8f7Zc2Xg=="],

    "@esbuild/linux-ppc64": ["@esbuild/linux-ppc64@0.25.4", "", { "os": "linux", "cpu": "ppc64" }, "sha512-HOy0aLTJTVtoTeGZh4HSXaO6M95qu4k5lJcH4gxv56iaycfz1S8GO/5Jh6X4Y1YiI0h7cRyLi+HixMR+88swag=="],

    "@esbuild/linux-riscv64": ["@esbuild/linux-riscv64@0.25.4", "", { "os": "linux", "cpu": "none" }, "sha512-i8JUDAufpz9jOzo4yIShCTcXzS07vEgWzyX3NH2G7LEFVgrLEhjwL3ajFE4fZI3I4ZgiM7JH3GQ7ReObROvSUA=="],

    "@esbuild/linux-s390x": ["@esbuild/linux-s390x@0.25.4", "", { "os": "linux", "cpu": "s390x" }, "sha512-jFnu+6UbLlzIjPQpWCNh5QtrcNfMLjgIavnwPQAfoGx4q17ocOU9MsQ2QVvFxwQoWpZT8DvTLooTvmOQXkO51g=="],

    "@esbuild/linux-x64": ["@esbuild/linux-x64@0.25.4", "", { "os": "linux", "cpu": "x64" }, "sha512-6e0cvXwzOnVWJHq+mskP8DNSrKBr1bULBvnFLpc1KY+d+irZSgZ02TGse5FsafKS5jg2e4pbvK6TPXaF/A6+CA=="],

    "@esbuild/netbsd-arm64": ["@esbuild/netbsd-arm64@0.25.4", "", { "os": "none", "cpu": "arm64" }, "sha512-vUnkBYxZW4hL/ie91hSqaSNjulOnYXE1VSLusnvHg2u3jewJBz3YzB9+oCw8DABeVqZGg94t9tyZFoHma8gWZQ=="],

    "@esbuild/netbsd-x64": ["@esbuild/netbsd-x64@0.25.4", "", { "os": "none", "cpu": "x64" }, "sha512-XAg8pIQn5CzhOB8odIcAm42QsOfa98SBeKUdo4xa8OvX8LbMZqEtgeWE9P/Wxt7MlG2QqvjGths+nq48TrUiKw=="],

    "@esbuild/openbsd-arm64": ["@esbuild/openbsd-arm64@0.25.4", "", { "os": "openbsd", "cpu": "arm64" }, "sha512-Ct2WcFEANlFDtp1nVAXSNBPDxyU+j7+tId//iHXU2f/lN5AmO4zLyhDcpR5Cz1r08mVxzt3Jpyt4PmXQ1O6+7A=="],

    "@esbuild/openbsd-x64": ["@esbuild/openbsd-x64@0.25.4", "", { "os": "openbsd", "cpu": "x64" }, "sha512-xAGGhyOQ9Otm1Xu8NT1ifGLnA6M3sJxZ6ixylb+vIUVzvvd6GOALpwQrYrtlPouMqd/vSbgehz6HaVk4+7Afhw=="],

    "@esbuild/sunos-x64": ["@esbuild/sunos-x64@0.25.4", "", { "os": "sunos", "cpu": "x64" }, "sha512-Mw+tzy4pp6wZEK0+Lwr76pWLjrtjmJyUB23tHKqEDP74R3q95luY/bXqXZeYl4NYlvwOqoRKlInQialgCKy67Q=="],

    "@esbuild/win32-arm64": ["@esbuild/win32-arm64@0.25.4", "", { "os": "win32", "cpu": "arm64" }, "sha512-AVUP428VQTSddguz9dO9ngb+E5aScyg7nOeJDrF1HPYu555gmza3bDGMPhmVXL8svDSoqPCsCPjb265yG/kLKQ=="],

    "@esbuild/win32-ia32": ["@esbuild/win32-ia32@0.25.4", "", { "os": "win32", "cpu": "ia32" }, "sha512-i1sW+1i+oWvQzSgfRcxxG2k4I9n3O9NRqy8U+uugaT2Dy7kLO9Y7wI72haOahxceMX8hZAzgGou1FhndRldxRg=="],

    "@esbuild/win32-x64": ["@esbuild/win32-x64@0.25.4", "", { "os": "win32", "cpu": "x64" }, "sha512-nOT2vZNw6hJ+z43oP1SPea/G/6AbN6X+bGNhNuq8NtRHy4wsMhw765IKLNmnjek7GvjWBYQ8Q5VBoYTFg9y1UQ=="],

    "@isaacs/fs-minipass": ["@isaacs/fs-minipass@4.0.1", "", { "dependencies": { "minipass": "^7.0.4" } }, "sha512-wgm9Ehl2jpeqP3zw/7mo3kRHFp5MEDhqAdwy1fTGkHAwnkGOVsgpvQhL8B5n1qlb01jV3n/bI0ZfZp5lWA1k4w=="],

    "@jridgewell/gen-mapping": ["@jridgewell/gen-mapping@0.3.8", "", { "dependencies": { "@jridgewell/set-array": "^1.2.1", "@jridgewell/sourcemap-codec": "^1.4.10", "@jridgewell/trace-mapping": "^0.3.24" } }, "sha512-imAbBGkb+ebQyxKgzv5Hu2nmROxoDOXHh80evxdoXNOrvAnVx7zimzc1Oo5h9RlfV4vPXaE2iM5pOFbvOCClWA=="],

    "@jridgewell/resolve-uri": ["@jridgewell/resolve-uri@3.1.2", "", {}, "sha512-bRISgCIjP20/tbWSPWMEi54QVPRZExkuD9lJL+UIxUKtwVJA8wW1Trb1jMs1RFXo1CBTNZ/5hpC9QvmKWdopKw=="],

    "@jridgewell/set-array": ["@jridgewell/set-array@1.2.1", "", {}, "sha512-R8gLRTZeyp03ymzP/6Lil/28tGeGEzhx1q2k703KGWRAI1VdvPIXdG70VJc2pAMw3NA6JKL5hhFu1sJX0Mnn/A=="],

    "@jridgewell/sourcemap-codec": ["@jridgewell/sourcemap-codec@1.5.0", "", {}, "sha512-gv3ZRaISU3fjPAgNsriBRqGWQL6quFx04YMPW/zD8XMLsU32mhCCbfbO6KZFLjvYpCZ8zyDEgqsgf+PwPaM7GQ=="],

    "@jridgewell/trace-mapping": ["@jridgewell/trace-mapping@0.3.25", "", { "dependencies": { "@jridgewell/resolve-uri": "^3.1.0", "@jridgewell/sourcemap-codec": "^1.4.14" } }, "sha512-vNk6aEwybGtawWmy/PzwnGDOjCkLWSD2wqvjGGAgOAwCGWySYXfYoxt00IJkTF+8Lb57DwOb3Aa0o9CApepiYQ=="],

    "@redocly/ajv": ["@redocly/ajv@8.11.2", "", { "dependencies": { "fast-deep-equal": "^3.1.1", "json-schema-traverse": "^1.0.0", "require-from-string": "^2.0.2", "uri-js-replace": "^1.0.1" } }, "sha512-io1JpnwtIcvojV7QKDUSIuMN/ikdOUd1ReEnUnMKGfDVridQZ31J0MmIuqwuRjWDZfmvr+Q0MqCcfHM2gTivOg=="],

    "@redocly/config": ["@redocly/config@0.22.2", "", {}, "sha512-roRDai8/zr2S9YfmzUfNhKjOF0NdcOIqF7bhf4MVC5UxpjIysDjyudvlAiVbpPHp3eDRWbdzUgtkK1a7YiDNyQ=="],

    "@redocly/openapi-core": ["@redocly/openapi-core@1.34.3", "", { "dependencies": { "@redocly/ajv": "^8.11.2", "@redocly/config": "^0.22.0", "colorette": "^1.2.0", "https-proxy-agent": "^7.0.5", "js-levenshtein": "^1.1.6", "js-yaml": "^4.1.0", "minimatch": "^5.0.1", "pluralize": "^8.0.0", "yaml-ast-parser": "0.0.43" } }, "sha512-3arRdUp1fNx55itnjKiUhO6t4Mf91TsrTIYINDNLAZPS0TPd5YpiXRctwjel0qqWoOOhjA34cZ3m4dksLDFUYg=="],

    "@rollup/rollup-android-arm-eabi": ["@rollup/rollup-android-arm-eabi@4.41.0", "", { "os": "android", "cpu": "arm" }, "sha512-KxN+zCjOYHGwCl4UCtSfZ6jrq/qi88JDUtiEFk8LELEHq2Egfc/FgW+jItZiOLRuQfb/3xJSgFuNPC9jzggX+A=="],

    "@rollup/rollup-android-arm64": ["@rollup/rollup-android-arm64@4.41.0", "", { "os": "android", "cpu": "arm64" }, "sha512-yDvqx3lWlcugozax3DItKJI5j05B0d4Kvnjx+5mwiUpWramVvmAByYigMplaoAQ3pvdprGCTCE03eduqE/8mPQ=="],

    "@rollup/rollup-darwin-arm64": ["@rollup/rollup-darwin-arm64@4.41.0", "", { "os": "darwin", "cpu": "arm64" }, "sha512-2KOU574vD3gzcPSjxO0eyR5iWlnxxtmW1F5CkNOHmMlueKNCQkxR6+ekgWyVnz6zaZihpUNkGxjsYrkTJKhkaw=="],

    "@rollup/rollup-darwin-x64": ["@rollup/rollup-darwin-x64@4.41.0", "", { "os": "darwin", "cpu": "x64" }, "sha512-gE5ACNSxHcEZyP2BA9TuTakfZvULEW4YAOtxl/A/YDbIir/wPKukde0BNPlnBiP88ecaN4BJI2TtAd+HKuZPQQ=="],

    "@rollup/rollup-freebsd-arm64": ["@rollup/rollup-freebsd-arm64@4.41.0", "", { "os": "freebsd", "cpu": "arm64" }, "sha512-GSxU6r5HnWij7FoSo7cZg3l5GPg4HFLkzsFFh0N/b16q5buW1NAWuCJ+HMtIdUEi6XF0qH+hN0TEd78laRp7Dg=="],

    "@rollup/rollup-freebsd-x64": ["@rollup/rollup-freebsd-x64@4.41.0", "", { "os": "freebsd", "cpu": "x64" }, "sha512-KGiGKGDg8qLRyOWmk6IeiHJzsN/OYxO6nSbT0Vj4MwjS2XQy/5emsmtoqLAabqrohbgLWJ5GV3s/ljdrIr8Qjg=="],

    "@rollup/rollup-linux-arm-gnueabihf": ["@rollup/rollup-linux-arm-gnueabihf@4.41.0", "", { "os": "linux", "cpu": "arm" }, "sha512-46OzWeqEVQyX3N2/QdiU/CMXYDH/lSHpgfBkuhl3igpZiaB3ZIfSjKuOnybFVBQzjsLwkus2mjaESy8H41SzvA=="],

    "@rollup/rollup-linux-arm-musleabihf": ["@rollup/rollup-linux-arm-musleabihf@4.41.0", "", { "os": "linux", "cpu": "arm" }, "sha512-lfgW3KtQP4YauqdPpcUZHPcqQXmTmH4nYU0cplNeW583CMkAGjtImw4PKli09NFi2iQgChk4e9erkwlfYem6Lg=="],

    "@rollup/rollup-linux-arm64-gnu": ["@rollup/rollup-linux-arm64-gnu@4.41.0", "", { "os": "linux", "cpu": "arm64" }, "sha512-nn8mEyzMbdEJzT7cwxgObuwviMx6kPRxzYiOl6o/o+ChQq23gfdlZcUNnt89lPhhz3BYsZ72rp0rxNqBSfqlqw=="],

    "@rollup/rollup-linux-arm64-musl": ["@rollup/rollup-linux-arm64-musl@4.41.0", "", { "os": "linux", "cpu": "arm64" }, "sha512-l+QK99je2zUKGd31Gh+45c4pGDAqZSuWQiuRFCdHYC2CSiO47qUWsCcenrI6p22hvHZrDje9QjwSMAFL3iwXwQ=="],

    "@rollup/rollup-linux-loongarch64-gnu": ["@rollup/rollup-linux-loongarch64-gnu@4.41.0", "", { "os": "linux", "cpu": "none" }, "sha512-WbnJaxPv1gPIm6S8O/Wg+wfE/OzGSXlBMbOe4ie+zMyykMOeqmgD1BhPxZQuDqwUN+0T/xOFtL2RUWBspnZj3w=="],

    "@rollup/rollup-linux-powerpc64le-gnu": ["@rollup/rollup-linux-powerpc64le-gnu@4.41.0", "", { "os": "linux", "cpu": "ppc64" }, "sha512-eRDWR5t67/b2g8Q/S8XPi0YdbKcCs4WQ8vklNnUYLaSWF+Cbv2axZsp4jni6/j7eKvMLYCYdcsv8dcU+a6QNFg=="],

    "@rollup/rollup-linux-riscv64-gnu": ["@rollup/rollup-linux-riscv64-gnu@4.41.0", "", { "os": "linux", "cpu": "none" }, "sha512-TWrZb6GF5jsEKG7T1IHwlLMDRy2f3DPqYldmIhnA2DVqvvhY2Ai184vZGgahRrg8k9UBWoSlHv+suRfTN7Ua4A=="],

    "@rollup/rollup-linux-riscv64-musl": ["@rollup/rollup-linux-riscv64-musl@4.41.0", "", { "os": "linux", "cpu": "none" }, "sha512-ieQljaZKuJpmWvd8gW87ZmSFwid6AxMDk5bhONJ57U8zT77zpZ/TPKkU9HpnnFrM4zsgr4kiGuzbIbZTGi7u9A=="],

    "@rollup/rollup-linux-s390x-gnu": ["@rollup/rollup-linux-s390x-gnu@4.41.0", "", { "os": "linux", "cpu": "s390x" }, "sha512-/L3pW48SxrWAlVsKCN0dGLB2bi8Nv8pr5S5ocSM+S0XCn5RCVCXqi8GVtHFsOBBCSeR+u9brV2zno5+mg3S4Aw=="],

    "@rollup/rollup-linux-x64-gnu": ["@rollup/rollup-linux-x64-gnu@4.41.0", "", { "os": "linux", "cpu": "x64" }, "sha512-XMLeKjyH8NsEDCRptf6LO8lJk23o9wvB+dJwcXMaH6ZQbbkHu2dbGIUindbMtRN6ux1xKi16iXWu6q9mu7gDhQ=="],

    "@rollup/rollup-linux-x64-musl": ["@rollup/rollup-linux-x64-musl@4.41.0", "", { "os": "linux", "cpu": "x64" }, "sha512-m/P7LycHZTvSQeXhFmgmdqEiTqSV80zn6xHaQ1JSqwCtD1YGtwEK515Qmy9DcB2HK4dOUVypQxvhVSy06cJPEg=="],

    "@rollup/rollup-win32-arm64-msvc": ["@rollup/rollup-win32-arm64-msvc@4.41.0", "", { "os": "win32", "cpu": "arm64" }, "sha512-4yodtcOrFHpbomJGVEqZ8fzD4kfBeCbpsUy5Pqk4RluXOdsWdjLnjhiKy2w3qzcASWd04fp52Xz7JKarVJ5BTg=="],

    "@rollup/rollup-win32-ia32-msvc": ["@rollup/rollup-win32-ia32-msvc@4.41.0", "", { "os": "win32", "cpu": "ia32" }, "sha512-tmazCrAsKzdkXssEc65zIE1oC6xPHwfy9d5Ta25SRCDOZS+I6RypVVShWALNuU9bxIfGA0aqrmzlzoM5wO5SPQ=="],

    "@rollup/rollup-win32-x64-msvc": ["@rollup/rollup-win32-x64-msvc@4.41.0", "", { "os": "win32", "cpu": "x64" }, "sha512-h1J+Yzjo/X+0EAvR2kIXJDuTuyT7drc+t2ALY0nIcGPbTatNOf0VWdhEA2Z4AAjv6X1NJV7SYo5oCTYRJhSlVA=="],

    "@tailwindcss/node": ["@tailwindcss/node@4.1.7", "", { "dependencies": { "@ampproject/remapping": "^2.3.0", "enhanced-resolve": "^5.18.1", "jiti": "^2.4.2", "lightningcss": "1.30.1", "magic-string": "^0.30.17", "source-map-js": "^1.2.1", "tailwindcss": "4.1.7" } }, "sha512-9rsOpdY9idRI2NH6CL4wORFY0+Q6fnx9XP9Ju+iq/0wJwGD5IByIgFmwVbyy4ymuyprj8Qh4ErxMKTUL4uNh3g=="],

    "@tailwindcss/oxide": ["@tailwindcss/oxide@4.1.7", "", { "dependencies": { "detect-libc": "^2.0.4", "tar": "^7.4.3" }, "optionalDependencies": { "@tailwindcss/oxide-android-arm64": "4.1.7", "@tailwindcss/oxide-darwin-arm64": "4.1.7", "@tailwindcss/oxide-darwin-x64": "4.1.7", "@tailwindcss/oxide-freebsd-x64": "4.1.7", "@tailwindcss/oxide-linux-arm-gnueabihf": "4.1.7", "@tailwindcss/oxide-linux-arm64-gnu": "4.1.7", "@tailwindcss/oxide-linux-arm64-musl": "4.1.7", "@tailwindcss/oxide-linux-x64-gnu": "4.1.7", "@tailwindcss/oxide-linux-x64-musl": "4.1.7", "@tailwindcss/oxide-wasm32-wasi": "4.1.7", "@tailwindcss/oxide-win32-arm64-msvc": "4.1.7", "@tailwindcss/oxide-win32-x64-msvc": "4.1.7" } }, "sha512-5SF95Ctm9DFiUyjUPnDGkoKItPX/k+xifcQhcqX5RA85m50jw1pT/KzjdvlqxRja45Y52nR4MR9fD1JYd7f8NQ=="],

    "@tailwindcss/oxide-android-arm64": ["@tailwindcss/oxide-android-arm64@4.1.7", "", { "os": "android", "cpu": "arm64" }, "sha512-IWA410JZ8fF7kACus6BrUwY2Z1t1hm0+ZWNEzykKmMNM09wQooOcN/VXr0p/WJdtHZ90PvJf2AIBS/Ceqx1emg=="],

    "@tailwindcss/oxide-darwin-arm64": ["@tailwindcss/oxide-darwin-arm64@4.1.7", "", { "os": "darwin", "cpu": "arm64" }, "sha512-81jUw9To7fimGGkuJ2W5h3/oGonTOZKZ8C2ghm/TTxbwvfSiFSDPd6/A/KE2N7Jp4mv3Ps9OFqg2fEKgZFfsvg=="],

    "@tailwindcss/oxide-darwin-x64": ["@tailwindcss/oxide-darwin-x64@4.1.7", "", { "os": "darwin", "cpu": "x64" }, "sha512-q77rWjEyGHV4PdDBtrzO0tgBBPlQWKY7wZK0cUok/HaGgbNKecegNxCGikuPJn5wFAlIywC3v+WMBt0PEBtwGw=="],

    "@tailwindcss/oxide-freebsd-x64": ["@tailwindcss/oxide-freebsd-x64@4.1.7", "", { "os": "freebsd", "cpu": "x64" }, "sha512-RfmdbbK6G6ptgF4qqbzoxmH+PKfP4KSVs7SRlTwcbRgBwezJkAO3Qta/7gDy10Q2DcUVkKxFLXUQO6J3CRvBGw=="],

    "@tailwindcss/oxide-linux-arm-gnueabihf": ["@tailwindcss/oxide-linux-arm-gnueabihf@4.1.7", "", { "os": "linux", "cpu": "arm" }, "sha512-OZqsGvpwOa13lVd1z6JVwQXadEobmesxQ4AxhrwRiPuE04quvZHWn/LnihMg7/XkN+dTioXp/VMu/p6A5eZP3g=="],

    "@tailwindcss/oxide-linux-arm64-gnu": ["@tailwindcss/oxide-linux-arm64-gnu@4.1.7", "", { "os": "linux", "cpu": "arm64" }, "sha512-voMvBTnJSfKecJxGkoeAyW/2XRToLZ227LxswLAwKY7YslG/Xkw9/tJNH+3IVh5bdYzYE7DfiaPbRkSHFxY1xA=="],

    "@tailwindcss/oxide-linux-arm64-musl": ["@tailwindcss/oxide-linux-arm64-musl@4.1.7", "", { "os": "linux", "cpu": "arm64" }, "sha512-PjGuNNmJeKHnP58M7XyjJyla8LPo+RmwHQpBI+W/OxqrwojyuCQ+GUtygu7jUqTEexejZHr/z3nBc/gTiXBj4A=="],

    "@tailwindcss/oxide-linux-x64-gnu": ["@tailwindcss/oxide-linux-x64-gnu@4.1.7", "", { "os": "linux", "cpu": "x64" }, "sha512-HMs+Va+ZR3gC3mLZE00gXxtBo3JoSQxtu9lobbZd+DmfkIxR54NO7Z+UQNPsa0P/ITn1TevtFxXTpsRU7qEvWg=="],

    "@tailwindcss/oxide-linux-x64-musl": ["@tailwindcss/oxide-linux-x64-musl@4.1.7", "", { "os": "linux", "cpu": "x64" }, "sha512-MHZ6jyNlutdHH8rd+YTdr3QbXrHXqwIhHw9e7yXEBcQdluGwhpQY2Eku8UZK6ReLaWtQ4gijIv5QoM5eE+qlsA=="],

    "@tailwindcss/oxide-wasm32-wasi": ["@tailwindcss/oxide-wasm32-wasi@4.1.7", "", { "dependencies": { "@emnapi/core": "^1.4.3", "@emnapi/runtime": "^1.4.3", "@emnapi/wasi-threads": "^1.0.2", "@napi-rs/wasm-runtime": "^0.2.9", "@tybys/wasm-util": "^0.9.0", "tslib": "^2.8.0" }, "cpu": "none" }, "sha512-ANaSKt74ZRzE2TvJmUcbFQ8zS201cIPxUDm5qez5rLEwWkie2SkGtA4P+GPTj+u8N6JbPrC8MtY8RmJA35Oo+A=="],

    "@tailwindcss/oxide-win32-arm64-msvc": ["@tailwindcss/oxide-win32-arm64-msvc@4.1.7", "", { "os": "win32", "cpu": "arm64" }, "sha512-HUiSiXQ9gLJBAPCMVRk2RT1ZrBjto7WvqsPBwUrNK2BcdSxMnk19h4pjZjI7zgPhDxlAbJSumTC4ljeA9y0tEw=="],

    "@tailwindcss/oxide-win32-x64-msvc": ["@tailwindcss/oxide-win32-x64-msvc@4.1.7", "", { "os": "win32", "cpu": "x64" }, "sha512-rYHGmvoHiLJ8hWucSfSOEmdCBIGZIq7SpkPRSqLsH2Ab2YUNgKeAPT1Fi2cx3+hnYOrAb0jp9cRyode3bBW4mQ=="],

    "@tailwindcss/vite": ["@tailwindcss/vite@4.1.7", "", { "dependencies": { "@tailwindcss/node": "4.1.7", "@tailwindcss/oxide": "4.1.7", "tailwindcss": "4.1.7" }, "peerDependencies": { "vite": "^5.2.0 || ^6" } }, "sha512-tYa2fO3zDe41I7WqijyVbRd8oWT0aEID1Eokz5hMT6wShLIHj3yvwj9XbfuloHP9glZ6H+aG2AN/+ZrxJ1Y5RQ=="],

    "@types/estree": ["@types/estree@1.0.7", "", {}, "sha512-w28IoSUCJpidD/TGviZwwMJckNESJZXFu7NBZ5YJ4mEUnNraUn9Pm8HSZm/jDF1pDWYKspWE7oVphigUPRakIQ=="],

    "@zeit/schemas": ["@zeit/schemas@2.36.0", "", {}, "sha512-7kjMwcChYEzMKjeex9ZFXkt1AyNov9R5HZtjBKVsmVpw7pa7ZtlCGvCBC2vnnXctaYN+aRI61HjIqeetZW5ROg=="],

    "accepts": ["accepts@1.3.8", "", { "dependencies": { "mime-types": "~2.1.34", "negotiator": "0.6.3" } }, "sha512-PYAthTa2m2VKxuvSD3DPC/Gy+U+sOA1LAuT8mkmRuvw+NACSaeXEQ+NHcVF7rONl6qcaxV3Uuemwawk+7+SJLw=="],

    "agent-base": ["agent-base@7.1.3", "", {}, "sha512-jRR5wdylq8CkOe6hei19GGZnxM6rBGwFl3Bg0YItGDimvjGtAvdZk4Pu6Cl4u4Igsws4a1fd1Vq3ezrhn4KmFw=="],

    "ajv": ["ajv@8.12.0", "", { "dependencies": { "fast-deep-equal": "^3.1.1", "json-schema-traverse": "^1.0.0", "require-from-string": "^2.0.2", "uri-js": "^4.2.2" } }, "sha512-sRu1kpcO9yLtYxBKvqfTeh9KzZEwO3STyX1HT+4CaDzC6HpTGYhIhPIzj9XuKU7KYDwnaeh5hcOwjy1QuJzBPA=="],

    "ansi-align": ["ansi-align@3.0.1", "", { "dependencies": { "string-width": "^4.1.0" } }, "sha512-IOfwwBF5iczOjp/WeY4YxyjqAFMQoZufdQWDd19SEExbVLNXqvpzSJ/M7Za4/sCPmQ0+GRquoA7bGcINcxew6w=="],

    "ansi-colors": ["ansi-colors@4.1.3", "", {}, "sha512-/6w/C21Pm1A7aZitlI5Ni/2J6FFQN8i1Cvz3kHABAAbw93v/NlvKdVOqz7CCWz/3iv/JplRSEEZ83XION15ovw=="],

    "ansi-regex": ["ansi-regex@6.1.0", "", {}, "sha512-7HSX4QQb4CspciLpVFwyRe79O3xsIZDDLER21kERQ71oaPodF8jL725AgJMFAYbooIqolJoRLuM81SpeUkpkvA=="],

    "ansi-styles": ["ansi-styles@6.2.1", "", {}, "sha512-bN798gFfQX+viw3R7yrGWRqnrN2oRkEkUjjl4JNn4E8GxxbjtG3FbrEIIY3l8/hrwUwIeCZvi4QuOTP4MErVug=="],

    "arch": ["arch@2.2.0", "", {}, "sha512-Of/R0wqp83cgHozfIYLbBMnej79U/SVGOOyuB3VVFv1NRM/PSFMK12x9KVtiYzJqmnU5WR2qp0Z5rHb7sWGnFQ=="],

    "arg": ["arg@5.0.2", "", {}, "sha512-PYjyFOLKQ9y57JvQ6QLo8dAgNqswh8M1RMJYdQduT6xbWSgK36P/Z/v+p888pM69jMMfS8Xd8F6I1kQ/I9HUGg=="],

    "argparse": ["argparse@2.0.1", "", {}, "sha512-8+9WqebbFzpX9OR+Wa6O29asIogeRMzcGtAINdpMHHyAg10f05aSFVBbcEqGf/PXw1EjAZ+q2/bEBg3DvurK3Q=="],

    "balanced-match": ["balanced-match@1.0.2", "", {}, "sha512-3oSeUO0TMV67hN1AmbXsK4yaqU7tjiHlbxRDZOpH0KW9+CeX4bRAaX0Anxt0tx2MrpRpWwQaPwIlISEJhYU5Pw=="],

    "boxen": ["boxen@7.0.0", "", { "dependencies": { "ansi-align": "^3.0.1", "camelcase": "^7.0.0", "chalk": "^5.0.1", "cli-boxes": "^3.0.0", "string-width": "^5.1.2", "type-fest": "^2.13.0", "widest-line": "^4.0.1", "wrap-ansi": "^8.0.1" } }, "sha512-j//dBVuyacJbvW+tvZ9HuH03fZ46QcaKvvhZickZqtB271DxJ7SNRSNxrV/dZX0085m7hISRZWbzWlJvx/rHSg=="],

    "brace-expansion": ["brace-expansion@2.0.1", "", { "dependencies": { "balanced-match": "^1.0.0" } }, "sha512-XnAIvQ8eM+kC6aULx6wuQiwVsnzsi9d3WxzV3FpWTGA19F621kwdbsAcFKXgKUHZWsy+mY6iL1sHTxWEFCytDA=="],

    "bytes": ["bytes@3.0.0", "", {}, "sha512-pMhOfFDPiv9t5jjIXkHosWmkSyQbvsgEVNkz0ERHbuLh2T/7j4Mqqpz523Fe8MVY89KC6Sh/QfS2sM+SjgFDcw=="],

    "camelcase": ["camelcase@7.0.1", "", {}, "sha512-xlx1yCK2Oc1APsPXDL2LdlNP6+uu8OCDdhOBSVT279M/S+y75O30C2VuD8T2ogdePBBl7PfPF4504tnLgX3zfw=="],

    "chalk": ["chalk@5.0.1", "", {}, "sha512-Fo07WOYGqMfCWHOzSXOt2CxDbC6skS/jO9ynEcmpANMoPrD+W1r1K6Vx7iNm+AQmETU1Xr2t+n8nzkV9t6xh3w=="],

    "chalk-template": ["chalk-template@0.4.0", "", { "dependencies": { "chalk": "^4.1.2" } }, "sha512-/ghrgmhfY8RaSdeo43hNXxpoHAtxdbskUHjPpfqUWGttFgycUhYPGx3YZBCnUCvOa7Doivn1IZec3DEGFoMgLg=="],

    "change-case": ["change-case@5.4.4", "", {}, "sha512-HRQyTk2/YPEkt9TnUPbOpr64Uw3KOicFWPVBb+xiHvd6eBx/qPr9xqfBFDT8P2vWsvvz4jbEkfDe71W3VyNu2w=="],

    "chownr": ["chownr@3.0.0", "", {}, "sha512-+IxzY9BZOQd/XuYPRmrvEVjF/nqj5kgT4kEq7VofrDoM1MxoRjEWkrCC3EtLi59TVawxTAn+orJwFQcrqEN1+g=="],

    "cli-boxes": ["cli-boxes@3.0.0", "", {}, "sha512-/lzGpEWL/8PfI0BmBOPRwp0c/wFNX1RdUML3jK/RcSBA9T8mZDdQpqYBKtCFTOfQbwPqWEOpjqW+Fnayc0969g=="],

    "clipboardy": ["clipboardy@3.0.0", "", { "dependencies": { "arch": "^2.2.0", "execa": "^5.1.1", "is-wsl": "^2.2.0" } }, "sha512-Su+uU5sr1jkUy1sGRpLKjKrvEOVXgSgiSInwa/qeID6aJ07yh+5NWc3h2QfjHjBnfX4LhtFcuAWKUsJ3r+fjbg=="],

    "color-convert": ["color-convert@2.0.1", "", { "dependencies": { "color-name": "~1.1.4" } }, "sha512-RRECPsj7iu/xb5oKYcsFHSppFNnsj/52OVTRKb4zP5onXwVF3zVmmToNcOfGC+CRDpfK/U584fMg38ZHCaElKQ=="],

    "color-name": ["color-name@1.1.4", "", {}, "sha512-dOy+3AuW3a2wNbZHIuMZpTcgjGuLU/uBL/ubcZF9OXbDo8ff4O8yVp5Bf0efS8uEoYo5q4Fx7dY9OgQGXgAsQA=="],

    "colorette": ["colorette@1.4.0", "", {}, "sha512-Y2oEozpomLn7Q3HFP7dpww7AtMJplbM9lGZP6RDfHqmbeRjiwRg4n6VM6j4KLmRke85uWEI7JqF17f3pqdRA0g=="],

    "compressible": ["compressible@2.0.18", "", { "dependencies": { "mime-db": ">= 1.43.0 < 2" } }, "sha512-AF3r7P5dWxL8MxyITRMlORQNaOA2IkAFaTr4k7BUumjPtRpGDTZpl0Pb1XCO6JeDCBdp126Cgs9sMxqSjgYyRg=="],

    "compression": ["compression@1.7.4", "", { "dependencies": { "accepts": "~1.3.5", "bytes": "3.0.0", "compressible": "~2.0.16", "debug": "2.6.9", "on-headers": "~1.0.2", "safe-buffer": "5.1.2", "vary": "~1.1.2" } }, "sha512-jaSIDzP9pZVS4ZfQ+TzvtiWhdpFhE2RDHz8QJkpX9SIpLq88VueF5jJw6t+6CUQcAoA6t+x89MLrWAqpfDE8iQ=="],

    "concat-map": ["concat-map@0.0.1", "", {}, "sha512-/Srv4dswyQNBfohGpz9o6Yb3Gz3SrUDqBH5rTuhGR7ahtlbYKnVxw2bCFMRljaA7EXHaXZ8wsHdodFvbkhKmqg=="],

    "content-disposition": ["content-disposition@0.5.2", "", {}, "sha512-kRGRZw3bLlFISDBgwTSA1TMBFN6J6GWDeubmDE3AF+3+yXL8hTWv8r5rkLbqYXY4RjPk/EzHnClI3zQf1cFmHA=="],

    "cross-spawn": ["cross-spawn@7.0.6", "", { "dependencies": { "path-key": "^3.1.0", "shebang-command": "^2.0.0", "which": "^2.0.1" } }, "sha512-uV2QOWP2nWzsy2aMp8aRibhi9dlzF5Hgh5SHaB9OiTGEyDTiJJyx0uy51QXdyWbtAHNua4XJzUKca3OzKUd3vA=="],

    "csstype": ["csstype@3.1.3", "", {}, "sha512-M1uQkMl8rQK/szD0LNhtqxIPLpimGm8sOBwU7lLnCpSbTyY3yeU1Vc7l4KT5zT4s/yOxHH5O7tIuuLOCnLADRw=="],

    "debug": ["debug@2.6.9", "", { "dependencies": { "ms": "2.0.0" } }, "sha512-bC7ElrdJaJnPbAP+1EotYvqZsb3ecl5wi6Bfi6BJTUcNowp6cvspg0jXznRTKDjm/E7AdgFBVeAPVMNcKGsHMA=="],

    "deep-extend": ["deep-extend@0.6.0", "", {}, "sha512-LOHxIOaPYdHlJRtCQfDIVZtfw/ufM8+rVj649RIHzcm/vGwQRXFt6OPqIFWsm2XEMrNIEtWR64sY1LEKD2vAOA=="],

    "detect-libc": ["detect-libc@2.0.4", "", {}, "sha512-3UDv+G9CsCKO1WKMGw9fwq/SWJYbI0c5Y7LU1AXYoDdbhE2AHQ6N6Nb34sG8Fj7T5APy8qXDCKuuIHd1BR0tVA=="],

    "eastasianwidth": ["eastasianwidth@0.2.0", "", {}, "sha512-I88TYZWc9XiYHRQ4/3c5rjjfgkjhLyW2luGIheGERbNQ6OY7yTybanSpDXZa8y7VUP9YmDcYa+eyq4ca7iLqWA=="],

    "emoji-regex": ["emoji-regex@9.2.2", "", {}, "sha512-L18DaJsXSUk2+42pv8mLs5jJT2hqFkFE4j21wOmgbUqsZ2hL72NsUU785g9RXgo3s0ZNgVl42TiHp3ZtOv/Vyg=="],

    "enhanced-resolve": ["enhanced-resolve@5.18.1", "", { "dependencies": { "graceful-fs": "^4.2.4", "tapable": "^2.2.0" } }, "sha512-ZSW3ma5GkcQBIpwZTSRAI8N71Uuwgs93IezB7mf7R60tC8ZbJideoDNKjHn2O9KIlx6rkGTTEk1xUCK2E1Y2Yg=="],

    "esbuild": ["esbuild@0.25.4", "", { "optionalDependencies": { "@esbuild/aix-ppc64": "0.25.4", "@esbuild/android-arm": "0.25.4", "@esbuild/android-arm64": "0.25.4", "@esbuild/android-x64": "0.25.4", "@esbuild/darwin-arm64": "0.25.4", "@esbuild/darwin-x64": "0.25.4", "@esbuild/freebsd-arm64": "0.25.4", "@esbuild/freebsd-x64": "0.25.4", "@esbuild/linux-arm": "0.25.4", "@esbuild/linux-arm64": "0.25.4", "@esbuild/linux-ia32": "0.25.4", "@esbuild/linux-loong64": "0.25.4", "@esbuild/linux-mips64el": "0.25.4", "@esbuild/linux-ppc64": "0.25.4", "@esbuild/linux-riscv64": "0.25.4", "@esbuild/linux-s390x": "0.25.4", "@esbuild/linux-x64": "0.25.4", "@esbuild/netbsd-arm64": "0.25.4", "@esbuild/netbsd-x64": "0.25.4", "@esbuild/openbsd-arm64": "0.25.4", "@esbuild/openbsd-x64": "0.25.4", "@esbuild/sunos-x64": "0.25.4", "@esbuild/win32-arm64": "0.25.4", "@esbuild/win32-ia32": "0.25.4", "@esbuild/win32-x64": "0.25.4" }, "bin": { "esbuild": "bin/esbuild" } }, "sha512-8pgjLUcUjcgDg+2Q4NYXnPbo/vncAY4UmyaCm0jZevERqCHZIaWwdJHkf8XQtu4AxSKCdvrUbT0XUr1IdZzI8Q=="],

    "execa": ["execa@5.1.1", "", { "dependencies": { "cross-spawn": "^7.0.3", "get-stream": "^6.0.0", "human-signals": "^2.1.0", "is-stream": "^2.0.0", "merge-stream": "^2.0.0", "npm-run-path": "^4.0.1", "onetime": "^5.1.2", "signal-exit": "^3.0.3", "strip-final-newline": "^2.0.0" } }, "sha512-8uSpZZocAZRBAPIEINJj3Lo9HyGitllczc27Eh5YYojjMFMn8yHMDMaUHE2Jqfq05D/wucwI4JGURyXt1vchyg=="],

    "fast-deep-equal": ["fast-deep-equal@3.1.3", "", {}, "sha512-f3qQ9oQy9j2AhBe/H9VC91wLmKBCCU/gDOnKNAYG5hswO7BLKj09Hc5HYNz9cGI++xlpDCIgDaitVs03ATR84Q=="],

    "fdir": ["fdir@6.4.4", "", { "peerDependencies": { "picomatch": "^3 || ^4" }, "optionalPeers": ["picomatch"] }, "sha512-1NZP+GK4GfuAv3PqKvxQRDMjdSRZjnkq7KfhlNrCNNlZ0ygQFpebfrnfnq/W7fpUnAv9aGWmY1zKx7FYL3gwhg=="],

    "fsevents": ["fsevents@2.3.3", "", { "os": "darwin" }, "sha512-5xoDfX+fL7faATnagmWPpbFtwh/R77WmMMqqHGS65C3vvB0YHrgF+B1YmZ3441tMj5n63k0212XNoJwzlhffQw=="],

    "get-stream": ["get-stream@6.0.1", "", {}, "sha512-ts6Wi+2j3jQjqi70w5AlN8DFnkSwC+MqmxEzdEALB2qXZYV3X/b1CTfgPLGJNMeAWxdPfU8FO1ms3NUfaHCPYg=="],

    "graceful-fs": ["graceful-fs@4.2.11", "", {}, "sha512-RbJ5/jmFcNNCcDV5o9eTnBLJ/HszWV0P73bc+Ff4nS/rJj+YaS6IGyiOL0VoBYX+l1Wrl3k63h/KrH+nhJ0XvQ=="],

    "has-flag": ["has-flag@4.0.0", "", {}, "sha512-EykJT/Q1KjTWctppgIAgfSO0tKVuZUjhgMr17kqTumMl6Afv3EISleU7qZUzoXDFTAHTDC4NOoG/ZxU3EvlMPQ=="],

    "https-proxy-agent": ["https-proxy-agent@7.0.6", "", { "dependencies": { "agent-base": "^7.1.2", "debug": "4" } }, "sha512-vK9P5/iUfdl95AI+JVyUuIcVtd4ofvtrOr3HNtM2yxC9bnMbEdp3x01OhQNnjb8IJYi38VlTE3mBXwcfvywuSw=="],

    "human-signals": ["human-signals@2.1.0", "", {}, "sha512-B4FFZ6q/T2jhhksgkbEW3HBvWIfDW85snkQgawt07S7J5QXTk6BkNV+0yAeZrM5QpMAdYlocGoljn0sJ/WQkFw=="],

    "index-to-position": ["index-to-position@1.1.0", "", {}, "sha512-XPdx9Dq4t9Qk1mTMbWONJqU7boCoumEH7fRET37HX5+khDUl3J2W6PdALxhILYlIYx2amlwYcRPp28p0tSiojg=="],

    "ini": ["ini@1.3.8", "", {}, "sha512-JV/yugV2uzW5iMRSiZAyDtQd+nxtUnjeLt0acNdw98kKLrvuRVyB80tsREOE7yvGVgalhZ6RNXCmEHkUKBKxew=="],

    "is-docker": ["is-docker@2.2.1", "", { "bin": { "is-docker": "cli.js" } }, "sha512-F+i2BKsFrH66iaUFc0woD8sLy8getkwTwtOBjvs56Cx4CgJDeKQeqfz8wAYiSb8JOprWhHH5p77PbmYCvvUuXQ=="],

    "is-fullwidth-code-point": ["is-fullwidth-code-point@3.0.0", "", {}, "sha512-zymm5+u+sCsSWyD9qNaejV3DFvhCKclKdizYaJUuHA83RLjb7nSuGnddCHGv0hk+KY7BMAlsWeK4Ueg6EV6XQg=="],

    "is-port-reachable": ["is-port-reachable@4.0.0", "", {}, "sha512-9UoipoxYmSk6Xy7QFgRv2HDyaysmgSG75TFQs6S+3pDM7ZhKTF/bskZV+0UlABHzKjNVhPjYCLfeZUEg1wXxig=="],

    "is-stream": ["is-stream@2.0.1", "", {}, "sha512-hFoiJiTl63nn+kstHGBtewWSKnQLpyb155KHheA1l39uvtO9nWIop1p3udqPcUd/xbF1VLMO4n7OI6p7RbngDg=="],

    "is-wsl": ["is-wsl@2.2.0", "", { "dependencies": { "is-docker": "^2.0.0" } }, "sha512-fKzAra0rGJUUBwGBgNkHZuToZcn+TtXHpeCgmkMJMMYx1sQDYaCSyjJBSCa2nH1DGm7s3n1oBnohoVTBaN7Lww=="],

    "isexe": ["isexe@2.0.0", "", {}, "sha512-RHxMLp9lnKHGHRng9QFhRCMbYAcVpn69smSGcq3f36xjgVVWThj4qqLbTLlq7Ssj8B+fIQ1EuCEGI2lKsyQeIw=="],

    "jiti": ["jiti@2.4.2", "", { "bin": { "jiti": "lib/jiti-cli.mjs" } }, "sha512-rg9zJN+G4n2nfJl5MW3BMygZX56zKPNVEYYqq7adpmMh4Jn2QNEwhvQlFy6jPVdcod7txZtKHWnyZiA3a0zP7A=="],

    "js-levenshtein": ["js-levenshtein@1.1.6", "", {}, "sha512-X2BB11YZtrRqY4EnQcLX5Rh373zbK4alC1FW7D7MBhL2gtcC17cTnr6DmfHZeS0s2rTHjUTMMHfG7gO8SSdw+g=="],

    "js-tokens": ["js-tokens@4.0.0", "", {}, "sha512-RdJUflcE3cUzKiMqQgsCu06FPu9UdIJO0beYbPhHN4k6apgJtifcoCtT9bcxOpYBtpD2kCM6Sbzg4CausW/PKQ=="],

    "js-yaml": ["js-yaml@4.1.0", "", { "dependencies": { "argparse": "^2.0.1" }, "bin": { "js-yaml": "bin/js-yaml.js" } }, "sha512-wpxZs9NoxZaJESJGIZTyDEaYpl0FKSA+FB9aJiyemKhMwkxQg63h4T1KJgUGHpTqPDNRcmmYLugrRjJlBtWvRA=="],

    "json-schema-traverse": ["json-schema-traverse@1.0.0", "", {}, "sha512-NM8/P9n3XjXhIZn1lLhkFaACTOURQXjWhV4BA/RnOv8xvgqtqpAX9IO4mRQxSx1Rlo4tqzeqb0sOlruaOy3dug=="],

    "lightningcss": ["lightningcss@1.30.1", "", { "dependencies": { "detect-libc": "^2.0.3" }, "optionalDependencies": { "lightningcss-darwin-arm64": "1.30.1", "lightningcss-darwin-x64": "1.30.1", "lightningcss-freebsd-x64": "1.30.1", "lightningcss-linux-arm-gnueabihf": "1.30.1", "lightningcss-linux-arm64-gnu": "1.30.1", "lightningcss-linux-arm64-musl": "1.30.1", "lightningcss-linux-x64-gnu": "1.30.1", "lightningcss-linux-x64-musl": "1.30.1", "lightningcss-win32-arm64-msvc": "1.30.1", "lightningcss-win32-x64-msvc": "1.30.1" } }, "sha512-xi6IyHML+c9+Q3W0S4fCQJOym42pyurFiJUHEcEyHS0CeKzia4yZDEsLlqOFykxOdHpNy0NmvVO31vcSqAxJCg=="],

    "lightningcss-darwin-arm64": ["lightningcss-darwin-arm64@1.30.1", "", { "os": "darwin", "cpu": "arm64" }, "sha512-c8JK7hyE65X1MHMN+Viq9n11RRC7hgin3HhYKhrMyaXflk5GVplZ60IxyoVtzILeKr+xAJwg6zK6sjTBJ0FKYQ=="],

    "lightningcss-darwin-x64": ["lightningcss-darwin-x64@1.30.1", "", { "os": "darwin", "cpu": "x64" }, "sha512-k1EvjakfumAQoTfcXUcHQZhSpLlkAuEkdMBsI/ivWw9hL+7FtilQc0Cy3hrx0AAQrVtQAbMI7YjCgYgvn37PzA=="],

    "lightningcss-freebsd-x64": ["lightningcss-freebsd-x64@1.30.1", "", { "os": "freebsd", "cpu": "x64" }, "sha512-kmW6UGCGg2PcyUE59K5r0kWfKPAVy4SltVeut+umLCFoJ53RdCUWxcRDzO1eTaxf/7Q2H7LTquFHPL5R+Gjyig=="],

    "lightningcss-linux-arm-gnueabihf": ["lightningcss-linux-arm-gnueabihf@1.30.1", "", { "os": "linux", "cpu": "arm" }, "sha512-MjxUShl1v8pit+6D/zSPq9S9dQ2NPFSQwGvxBCYaBYLPlCWuPh9/t1MRS8iUaR8i+a6w7aps+B4N0S1TYP/R+Q=="],

    "lightningcss-linux-arm64-gnu": ["lightningcss-linux-arm64-gnu@1.30.1", "", { "os": "linux", "cpu": "arm64" }, "sha512-gB72maP8rmrKsnKYy8XUuXi/4OctJiuQjcuqWNlJQ6jZiWqtPvqFziskH3hnajfvKB27ynbVCucKSm2rkQp4Bw=="],

    "lightningcss-linux-arm64-musl": ["lightningcss-linux-arm64-musl@1.30.1", "", { "os": "linux", "cpu": "arm64" }, "sha512-jmUQVx4331m6LIX+0wUhBbmMX7TCfjF5FoOH6SD1CttzuYlGNVpA7QnrmLxrsub43ClTINfGSYyHe2HWeLl5CQ=="],

    "lightningcss-linux-x64-gnu": ["lightningcss-linux-x64-gnu@1.30.1", "", { "os": "linux", "cpu": "x64" }, "sha512-piWx3z4wN8J8z3+O5kO74+yr6ze/dKmPnI7vLqfSqI8bccaTGY5xiSGVIJBDd5K5BHlvVLpUB3S2YCfelyJ1bw=="],

    "lightningcss-linux-x64-musl": ["lightningcss-linux-x64-musl@1.30.1", "", { "os": "linux", "cpu": "x64" }, "sha512-rRomAK7eIkL+tHY0YPxbc5Dra2gXlI63HL+v1Pdi1a3sC+tJTcFrHX+E86sulgAXeI7rSzDYhPSeHHjqFhqfeQ=="],

    "lightningcss-win32-arm64-msvc": ["lightningcss-win32-arm64-msvc@1.30.1", "", { "os": "win32", "cpu": "arm64" }, "sha512-mSL4rqPi4iXq5YVqzSsJgMVFENoa4nGTT/GjO2c0Yl9OuQfPsIfncvLrEW6RbbB24WtZ3xP/2CCmI3tNkNV4oA=="],

    "lightningcss-win32-x64-msvc": ["lightningcss-win32-x64-msvc@1.30.1", "", { "os": "win32", "cpu": "x64" }, "sha512-PVqXh48wh4T53F/1CCu8PIPCxLzWyCnn/9T5W1Jpmdy5h9Cwd+0YQS6/LwhHXSafuc61/xg9Lv5OrCby6a++jg=="],

    "magic-string": ["magic-string@0.30.17", "", { "dependencies": { "@jridgewell/sourcemap-codec": "^1.5.0" } }, "sha512-sNPKHvyjVf7gyjwS4xGTaW/mCnF8wnjtifKBEhxfZ7E/S8tQ0rssrwGNn6q8JH/ohItJfSQp9mBtQYuTlH5QnA=="],

    "merge-stream": ["merge-stream@2.0.0", "", {}, "sha512-abv/qOcuPfk3URPfDzmZU1LKmuw8kT+0nIHvKrKgFrwifol/doWcdA4ZqsWQ8ENrFKkd67Mfpo/LovbIUsbt3w=="],

    "mime-db": ["mime-db@1.54.0", "", {}, "sha512-aU5EJuIN2WDemCcAp2vFBfp/m4EAhWJnUNSSw0ixs7/kXbd6Pg64EmwJkNdFhB8aWt1sH2CTXrLxo/iAGV3oPQ=="],

    "mime-types": ["mime-types@2.1.18", "", { "dependencies": { "mime-db": "~1.33.0" } }, "sha512-lc/aahn+t4/SWV/qcmumYjymLsWfN3ELhpmVuUFjgsORruuZPVSwAQryq+HHGvO/SI2KVX26bx+En+zhM8g8hQ=="],

    "mimic-fn": ["mimic-fn@2.1.0", "", {}, "sha512-OqbOk5oEQeAZ8WXWydlu9HJjz9WVdEIvamMCcXmuqUYjTknH/sqsWvhQ3vgwKFRR1HpjvNBKQ37nbJgYzGqGcg=="],

    "minimatch": ["minimatch@5.1.6", "", { "dependencies": { "brace-expansion": "^2.0.1" } }, "sha512-lKwV/1brpG6mBUFHtb7NUmtABCb2WZZmm2wNiOA5hAb8VdCS4B3dtMWyvcoViccwAW/COERjXLt0zP1zXUN26g=="],

    "minimist": ["minimist@1.2.8", "", {}, "sha512-2yyAR8qBkN3YuheJanUpWC5U3bb5osDywNB8RzDVlDwDHbocAJveqqj1u8+SVD7jkWT4yvsHCpWqqWqAxb0zCA=="],

    "minipass": ["minipass@7.1.2", "", {}, "sha512-qOOzS1cBTWYF4BH8fVePDBOO9iptMnGUEZwNc/cMWnTV2nVLZ7VoNWEPHkYczZA0pdoA7dl6e7FL659nX9S2aw=="],

    "minizlib": ["minizlib@3.0.2", "", { "dependencies": { "minipass": "^7.1.2" } }, "sha512-oG62iEk+CYt5Xj2YqI5Xi9xWUeZhDI8jjQmC5oThVH5JGCTgIjr7ciJDzC7MBzYd//WvR1OTmP5Q38Q8ShQtVA=="],

    "mkdirp": ["mkdirp@3.0.1", "", { "bin": { "mkdirp": "dist/cjs/src/bin.js" } }, "sha512-+NsyUUAZDmo6YVHzL/stxSu3t9YS1iljliy3BSDrXJ/dkn1KYdmtZODGGjLcc9XLgVVpH4KshHB8XmZgMhaBXg=="],

    "ms": ["ms@2.0.0", "", {}, "sha512-Tpp60P6IUJDTuOq/5Z8cdskzJujfwqfOTkrwIwj7IRISpnkJnT6SyJ4PCPnGMoFjC9ddhal5KVIYtAt97ix05A=="],

    "nanoid": ["nanoid@3.3.11", "", { "bin": { "nanoid": "bin/nanoid.cjs" } }, "sha512-N8SpfPUnUp1bK+PMYW8qSWdl9U+wwNWI4QKxOYDy9JAro3WMX7p2OeVRF9v+347pnakNevPmiHhNmZ2HbFA76w=="],

    "negotiator": ["negotiator@0.6.3", "", {}, "sha512-+EUsqGPLsM+j/zdChZjsnX51g4XrHFOIXwfnCVPGlQk/k5giakcKsuxCObBRu6DSm9opw/O6slWbJdghQM4bBg=="],

    "npm-run-path": ["npm-run-path@4.0.1", "", { "dependencies": { "path-key": "^3.0.0" } }, "sha512-S48WzZW777zhNIrn7gxOlISNAqi9ZC/uQFnRdbeIHhZhCA6UqpkOT8T1G7BvfdgP4Er8gF4sUbaS0i7QvIfCWw=="],

    "on-headers": ["on-headers@1.0.2", "", {}, "sha512-pZAE+FJLoyITytdqK0U5s+FIpjN0JP3OzFi/u8Rx+EV5/W+JTWGXG8xFzevE7AjBfDqHv/8vL8qQsIhHnqRkrA=="],

    "onetime": ["onetime@5.1.2", "", { "dependencies": { "mimic-fn": "^2.1.0" } }, "sha512-kbpaSSGJTWdAY5KPVeMOKXSrPtr8C8C7wodJbcsd51jRnmD+GZu8Y0VoU6Dm5Z4vWr0Ig/1NKuWRKf7j5aaYSg=="],

    "openapi-typescript": ["openapi-typescript@7.8.0", "", { "dependencies": { "@redocly/openapi-core": "^1.34.3", "ansi-colors": "^4.1.3", "change-case": "^5.4.4", "parse-json": "^8.3.0", "supports-color": "^10.0.0", "yargs-parser": "^21.1.1" }, "peerDependencies": { "typescript": "^5.x" }, "bin": { "openapi-typescript": "bin/cli.js" } }, "sha512-1EeVWmDzi16A+siQlo/SwSGIT7HwaFAVjvMA7/jG5HMLSnrUOzPL7uSTRZZa4v/LCRxHTApHKtNY6glApEoiUQ=="],

    "parse-json": ["parse-json@8.3.0", "", { "dependencies": { "@babel/code-frame": "^7.26.2", "index-to-position": "^1.1.0", "type-fest": "^4.39.1" } }, "sha512-ybiGyvspI+fAoRQbIPRddCcSTV9/LsJbf0e/S85VLowVGzRmokfneg2kwVW/KU5rOXrPSbF1qAKPMgNTqqROQQ=="],

    "path-is-inside": ["path-is-inside@1.0.2", "", {}, "sha512-DUWJr3+ULp4zXmol/SZkFf3JGsS9/SIv+Y3Rt93/UjPpDpklB5f1er4O3POIbUuUJ3FXgqte2Q7SrU6zAqwk8w=="],

    "path-key": ["path-key@3.1.1", "", {}, "sha512-ojmeN0qd+y0jszEtoY48r0Peq5dwMEkIlCOu6Q5f41lfkswXuKtYrhgoTpLnyIcHm24Uhqx+5Tqm2InSwLhE6Q=="],

    "path-to-regexp": ["path-to-regexp@3.3.0", "", {}, "sha512-qyCH421YQPS2WFDxDjftfc1ZR5WKQzVzqsp4n9M2kQhVOo/ByahFoUNJfl58kOcEGfQ//7weFTDhm+ss8Ecxgw=="],

    "picocolors": ["picocolors@1.1.1", "", {}, "sha512-xceH2snhtb5M9liqDsmEw56le376mTZkEX/jEb/RxNFyegNul7eNslCXP9FDj/Lcu0X8KEyMceP2ntpaHrDEVA=="],

    "picomatch": ["picomatch@4.0.2", "", {}, "sha512-M7BAV6Rlcy5u+m6oPhAPFgJTzAioX/6B0DxyvDlo9l8+T3nLKbrczg2WLUyzd45L8RqfUMyGPzekbMvX2Ldkwg=="],

    "pluralize": ["pluralize@8.0.0", "", {}, "sha512-Nc3IT5yHzflTfbjgqWcCPpo7DaKy4FnpB0l/zCAW0Tc7jxAiuqSxHasntB3D7887LSrA93kDJ9IXovxJYxyLCA=="],

    "postcss": ["postcss@8.5.3", "", { "dependencies": { "nanoid": "^3.3.8", "picocolors": "^1.1.1", "source-map-js": "^1.2.1" } }, "sha512-dle9A3yYxlBSrt8Fu+IpjGT8SY8hN0mlaA6GY8t0P5PjIOZemULz/E2Bnm/2dcUOena75OTNkHI76uZBNUUq3A=="],

    "punycode": ["punycode@2.3.1", "", {}, "sha512-vYt7UD1U9Wg6138shLtLOvdAu+8DsC/ilFtEVHcH+wydcSpNE20AfSOduf6MkRFahL5FY7X1oU7nKVZFtfq8Fg=="],

    "range-parser": ["range-parser@1.2.0", "", {}, "sha512-kA5WQoNVo4t9lNx2kQNFCxKeBl5IbbSNBl1M/tLkw9WCn+hxNBAW5Qh8gdhs63CJnhjJ2zQWFoqPJP2sK1AV5A=="],

    "rc": ["rc@1.2.8", "", { "dependencies": { "deep-extend": "^0.6.0", "ini": "~1.3.0", "minimist": "^1.2.0", "strip-json-comments": "~2.0.1" }, "bin": { "rc": "./cli.js" } }, "sha512-y3bGgqKj3QBdxLbLkomlohkvsA8gdAiUQlSBJnBhfn+BPxg4bc62d8TcBW15wavDfgexCgccckhcZvywyQYPOw=="],

    "registry-auth-token": ["registry-auth-token@3.3.2", "", { "dependencies": { "rc": "^1.1.6", "safe-buffer": "^5.0.1" } }, "sha512-JL39c60XlzCVgNrO+qq68FoNb56w/m7JYvGR2jT5iR1xBrUA3Mfx5Twk5rqTThPmQKMWydGmq8oFtDlxfrmxnQ=="],

    "registry-url": ["registry-url@3.1.0", "", { "dependencies": { "rc": "^1.0.1" } }, "sha512-ZbgR5aZEdf4UKZVBPYIgaglBmSF2Hi94s2PcIHhRGFjKYu+chjJdYfHn4rt3hB6eCKLJ8giVIIfgMa1ehDfZKA=="],

    "require-from-string": ["require-from-string@2.0.2", "", {}, "sha512-Xf0nWe6RseziFMu+Ap9biiUbmplq6S9/p+7w7YXP/JBHhrUDDUhwa+vANyubuqfZWTveU//DYVGsDG7RKL/vEw=="],

    "rollup": ["rollup@4.41.0", "", { "dependencies": { "@types/estree": "1.0.7" }, "optionalDependencies": { "@rollup/rollup-android-arm-eabi": "4.41.0", "@rollup/rollup-android-arm64": "4.41.0", "@rollup/rollup-darwin-arm64": "4.41.0", "@rollup/rollup-darwin-x64": "4.41.0", "@rollup/rollup-freebsd-arm64": "4.41.0", "@rollup/rollup-freebsd-x64": "4.41.0", "@rollup/rollup-linux-arm-gnueabihf": "4.41.0", "@rollup/rollup-linux-arm-musleabihf": "4.41.0", "@rollup/rollup-linux-arm64-gnu": "4.41.0", "@rollup/rollup-linux-arm64-musl": "4.41.0", "@rollup/rollup-linux-loongarch64-gnu": "4.41.0", "@rollup/rollup-linux-powerpc64le-gnu": "4.41.0", "@rollup/rollup-linux-riscv64-gnu": "4.41.0", "@rollup/rollup-linux-riscv64-musl": "4.41.0", "@rollup/rollup-linux-s390x-gnu": "4.41.0", "@rollup/rollup-linux-x64-gnu": "4.41.0", "@rollup/rollup-linux-x64-musl": "4.41.0", "@rollup/rollup-win32-arm64-msvc": "4.41.0", "@rollup/rollup-win32-ia32-msvc": "4.41.0", "@rollup/rollup-win32-x64-msvc": "4.41.0", "fsevents": "~2.3.2" }, "bin": { "rollup": "dist/bin/rollup" } }, "sha512-HqMFpUbWlf/tvcxBFNKnJyzc7Lk+XO3FGc3pbNBLqEbOz0gPLRgcrlS3UF4MfUrVlstOaP/q0kM6GVvi+LrLRg=="],

    "safe-buffer": ["safe-buffer@5.1.2", "", {}, "sha512-Gd2UZBJDkXlY7GbJxfsE8/nvKkUEU1G38c1siN6QP6a9PT9MmHB8GnpscSmMJSoF8LOIrt8ud/wPtojys4G6+g=="],

    "serve": ["serve@14.2.4", "", { "dependencies": { "@zeit/schemas": "2.36.0", "ajv": "8.12.0", "arg": "5.0.2", "boxen": "7.0.0", "chalk": "5.0.1", "chalk-template": "0.4.0", "clipboardy": "3.0.0", "compression": "1.7.4", "is-port-reachable": "4.0.0", "serve-handler": "6.1.6", "update-check": "1.5.4" }, "bin": { "serve": "build/main.js" } }, "sha512-qy1S34PJ/fcY8gjVGszDB3EXiPSk5FKhUa7tQe0UPRddxRidc2V6cNHPNewbE1D7MAkgLuWEt3Vw56vYy73tzQ=="],

    "serve-handler": ["serve-handler@6.1.6", "", { "dependencies": { "bytes": "3.0.0", "content-disposition": "0.5.2", "mime-types": "2.1.18", "minimatch": "3.1.2", "path-is-inside": "1.0.2", "path-to-regexp": "3.3.0", "range-parser": "1.2.0" } }, "sha512-x5RL9Y2p5+Sh3D38Fh9i/iQ5ZK+e4xuXRd/pGbM4D13tgo/MGwbttUk8emytcr1YYzBYs+apnUngBDFYfpjPuQ=="],

    "shebang-command": ["shebang-command@2.0.0", "", { "dependencies": { "shebang-regex": "^3.0.0" } }, "sha512-kHxr2zZpYtdmrN1qDjrrX/Z1rR1kG8Dx+gkpK1G4eXmvXswmcE1hTWBWYUzlraYw1/yZp6YuDY77YtvbN0dmDA=="],

    "shebang-regex": ["shebang-regex@3.0.0", "", {}, "sha512-7++dFhtcx3353uBaq8DDR4NuxBetBzC7ZQOhmTQInHEd6bSrXdiEyzCvG07Z44UYdLShWUyXt5M/yhz8ekcb1A=="],

    "signal-exit": ["signal-exit@3.0.7", "", {}, "sha512-wnD2ZE+l+SPC/uoS0vXeE9L1+0wuaMqKlfz9AMUo38JsyLSBWSFcHR1Rri62LZc12vLr1gb3jl7iwQhgwpAbGQ=="],

    "source-map-js": ["source-map-js@1.2.1", "", {}, "sha512-UXWMKhLOwVKb728IUtQPXxfYU+usdybtUrK/8uGE8CQMvrhOpwvzDBwj0QhSL7MQc7vIsISBG8VQ8+IDQxpfQA=="],

    "string-width": ["string-width@5.1.2", "", { "dependencies": { "eastasianwidth": "^0.2.0", "emoji-regex": "^9.2.2", "strip-ansi": "^7.0.1" } }, "sha512-HnLOCR3vjcY8beoNLtcjZ5/nxn2afmME6lhrDrebokqMap+XbeW8n9TXpPDOqdGK5qcI3oT0GKTW6wC7EMiVqA=="],

    "strip-ansi": ["strip-ansi@7.1.0", "", { "dependencies": { "ansi-regex": "^6.0.1" } }, "sha512-iq6eVVI64nQQTRYq2KtEg2d2uU7LElhTJwsH4YzIHZshxlgZms/wIc4VoDQTlG/IvVIrBKG06CrZnp0qv7hkcQ=="],

    "strip-final-newline": ["strip-final-newline@2.0.0", "", {}, "sha512-BrpvfNAE3dcvq7ll3xVumzjKjZQ5tI1sEUIKr3Uoks0XUl45St3FlatVqef9prk4jRDzhW6WZg+3bk93y6pLjA=="],

    "strip-json-comments": ["strip-json-comments@2.0.1", "", {}, "sha512-4gB8na07fecVVkOI6Rs4e7T6NOTki5EmL7TUduTs6bu3EdnSycntVJ4re8kgZA+wx9IueI2Y11bfbgwtzuE0KQ=="],

    "supports-color": ["supports-color@10.0.0", "", {}, "sha512-HRVVSbCCMbj7/kdWF9Q+bbckjBHLtHMEoJWlkmYzzdwhYMkjkOwubLM6t7NbWKjgKamGDrWL1++KrjUO1t9oAQ=="],

    "tailwindcss": ["tailwindcss@4.1.7", "", {}, "sha512-kr1o/ErIdNhTz8uzAYL7TpaUuzKIE6QPQ4qmSdxnoX/lo+5wmUHQA6h3L5yIqEImSRnAAURDirLu/BgiXGPAhg=="],

    "tapable": ["tapable@2.2.2", "", {}, "sha512-Re10+NauLTMCudc7T5WLFLAwDhQ0JWdrMK+9B2M8zR5hRExKmsRDCBA7/aV/pNJFltmBFO5BAMlQFi/vq3nKOg=="],

    "tar": ["tar@7.4.3", "", { "dependencies": { "@isaacs/fs-minipass": "^4.0.0", "chownr": "^3.0.0", "minipass": "^7.1.2", "minizlib": "^3.0.1", "mkdirp": "^3.0.1", "yallist": "^5.0.0" } }, "sha512-5S7Va8hKfV7W5U6g3aYxXmlPoZVAwUMy9AOKyF2fVuZa2UD3qZjg578OrLRt8PcNN1PleVaL/5/yYATNL0ICUw=="],

    "tinyglobby": ["tinyglobby@0.2.13", "", { "dependencies": { "fdir": "^6.4.4", "picomatch": "^4.0.2" } }, "sha512-mEwzpUgrLySlveBwEVDMKk5B57bhLPYovRfPAXD5gA/98Opn0rCDj3GtLwFvCvH5RK9uPCExUROW5NjDwvqkxw=="],

    "type-fest": ["type-fest@4.41.0", "", {}, "sha512-TeTSQ6H5YHvpqVwBRcnLDCBnDOHWYu7IvGbHT6N8AOymcr9PJGjc1GTtiWZTYg0NCgYwvnYWEkVChQAr9bjfwA=="],

    "typescript": ["typescript@5.8.3", "", { "bin": { "tsc": "bin/tsc", "tsserver": "bin/tsserver" } }, "sha512-p1diW6TqL9L07nNxvRMM7hMMw4c5XOo/1ibL4aAIGmSAt9slTE1Xgw5KWuof2uTOvCg9BY7ZRi+GaF+7sfgPeQ=="],

    "update-check": ["update-check@1.5.4", "", { "dependencies": { "registry-auth-token": "3.3.2", "registry-url": "3.1.0" } }, "sha512-5YHsflzHP4t1G+8WGPlvKbJEbAJGCgw+Em+dGR1KmBUbr1J36SJBqlHLjR7oob7sco5hWHGQVcr9B2poIVDDTQ=="],

    "uri-js": ["uri-js@4.4.1", "", { "dependencies": { "punycode": "^2.1.0" } }, "sha512-7rKUyy33Q1yc98pQ1DAmLtwX109F7TIfWlW1Ydo8Wl1ii1SeHieeh0HHfPeL2fMXK6z0s8ecKs9frCuLJvndBg=="],

    "uri-js-replace": ["uri-js-replace@1.0.1", "", {}, "sha512-W+C9NWNLFOoBI2QWDp4UT9pv65r2w5Cx+3sTYFvtMdDBxkKt1syCqsUdSFAChbEe1uK5TfS04wt/nGwmaeIQ0g=="],

    "vary": ["vary@1.1.2", "", {}, "sha512-BNGbWLfd0eUPabhkXUVm0j8uuvREyTh5ovRa/dyow/BqAbZJyC+5fU+IzQOzmAKzYqYRAISoRhdQr3eIZ/PXqg=="],

    "vite": ["vite@6.3.5", "", { "dependencies": { "esbuild": "^0.25.0", "fdir": "^6.4.4", "picomatch": "^4.0.2", "postcss": "^8.5.3", "rollup": "^4.34.9", "tinyglobby": "^0.2.13" }, "optionalDependencies": { "fsevents": "~2.3.3" }, "peerDependencies": { "@types/node": "^18.0.0 || ^20.0.0 || >=22.0.0", "jiti": ">=1.21.0", "less": "*", "lightningcss": "^1.21.0", "sass": "*", "sass-embedded": "*", "stylus": "*", "sugarss": "*", "terser": "^5.16.0", "tsx": "^4.8.1", "yaml": "^2.4.2" }, "optionalPeers": ["@types/node", "jiti", "less", "lightningcss", "sass", "sass-embedded", "stylus", "sugarss", "terser", "tsx", "yaml"], "bin": { "vite": "bin/vite.js" } }, "sha512-cZn6NDFE7wdTpINgs++ZJ4N49W2vRp8LCKrn3Ob1kYNtOo21vfDoaV5GzBfLU4MovSAB8uNRm4jgzVQZ+mBzPQ=="],

    "which": ["which@2.0.2", "", { "dependencies": { "isexe": "^2.0.0" }, "bin": { "node-which": "./bin/node-which" } }, "sha512-BLI3Tl1TW3Pvl70l3yq3Y64i+awpwXqsGBYWkkqMtnbXgrMD+yj7rhW0kuEDxzJaYXGjEW5ogapKNMEKNMjibA=="],

    "widest-line": ["widest-line@4.0.1", "", { "dependencies": { "string-width": "^5.0.1" } }, "sha512-o0cyEG0e8GPzT4iGHphIOh0cJOV8fivsXxddQasHPHfoZf1ZexrfeA21w2NaEN1RHE+fXlfISmOE8R9N3u3Qig=="],

    "wrap-ansi": ["wrap-ansi@8.1.0", "", { "dependencies": { "ansi-styles": "^6.1.0", "string-width": "^5.0.1", "strip-ansi": "^7.0.1" } }, "sha512-si7QWI6zUMq56bESFvagtmzMdGOtoxfR+Sez11Mobfc7tm+VkUckk9bW2UeffTGVUbOksxmSw0AA2gs8g71NCQ=="],

    "yallist": ["yallist@5.0.0", "", {}, "sha512-YgvUTfwqyc7UXVMrB+SImsVYSmTS8X/tSrtdNZMImM+n7+QTriRXyXim0mBrTXNeqzVF0KWGgHPeiyViFFrNDw=="],

    "yaml-ast-parser": ["yaml-ast-parser@0.0.43", "", {}, "sha512-2PTINUwsRqSd+s8XxKaJWQlUuEMHJQyEuh2edBbW8KNJz0SJPwUSD2zRWqezFEdN7IzAgeuYHFUCF7o8zRdZ0A=="],

    "yargs-parser": ["yargs-parser@21.1.1", "", {}, "sha512-tVpsJW7DdjecAiFpbIB1e3qxIQsE6NoPc5/eTdrbbIC4h0LVsWhnoa3g+m2HclBIujHzsxZ4VJVA+GUuc2/LBw=="],

    "@tailwindcss/oxide-wasm32-wasi/@emnapi/core": ["@emnapi/core@1.4.3", "", { "dependencies": { "@emnapi/wasi-threads": "1.0.2", "tslib": "^2.4.0" }, "bundled": true }, "sha512-4m62DuCE07lw01soJwPiBGC0nAww0Q+RY70VZ+n49yDIO13yyinhbWCeNnaob0lakDtWQzSdtNWzJeOJt2ma+g=="],

    "@tailwindcss/oxide-wasm32-wasi/@emnapi/runtime": ["@emnapi/runtime@1.4.3", "", { "dependencies": { "tslib": "^2.4.0" }, "bundled": true }, "sha512-pBPWdu6MLKROBX05wSNKcNb++m5Er+KQ9QkB+WVM+pW2Kx9hoSrVTnu3BdkI5eBLZoKu/J6mW/B6i6bJB2ytXQ=="],

    "@tailwindcss/oxide-wasm32-wasi/@emnapi/wasi-threads": ["@emnapi/wasi-threads@1.0.2", "", { "dependencies": { "tslib": "^2.4.0" }, "bundled": true }, "sha512-5n3nTJblwRi8LlXkJ9eBzu+kZR8Yxcc7ubakyQTFzPMtIhFpUBRbsnc2Dv88IZDIbCDlBiWrknhB4Lsz7mg6BA=="],

    "@tailwindcss/oxide-wasm32-wasi/@napi-rs/wasm-runtime": ["@napi-rs/wasm-runtime@0.2.10", "", { "dependencies": { "@emnapi/core": "^1.4.3", "@emnapi/runtime": "^1.4.3", "@tybys/wasm-util": "^0.9.0" }, "bundled": true }, "sha512-bCsCyeZEwVErsGmyPNSzwfwFn4OdxBj0mmv6hOFucB/k81Ojdu68RbZdxYsRQUPc9l6SU5F/cG+bXgWs3oUgsQ=="],

    "@tailwindcss/oxide-wasm32-wasi/@tybys/wasm-util": ["@tybys/wasm-util@0.9.0", "", { "dependencies": { "tslib": "^2.4.0" }, "bundled": true }, "sha512-6+7nlbMVX/PVDCwaIQ8nTOPveOcFLSt8GcXdx8hD0bt39uWxYT88uXzqTd4fTvqta7oeUJqudepapKNt2DYJFw=="],

    "@tailwindcss/oxide-wasm32-wasi/tslib": ["tslib@2.8.1", "", { "bundled": true }, "sha512-oJFu94HQb+KVduSUQL7wnpmqnfmLsOA/nAh6b6EH0wCEoK0/mPeXU6c3wKDV83MkOuHPRHtSXKKU99IBazS/2w=="],

    "accepts/mime-types": ["mime-types@2.1.35", "", { "dependencies": { "mime-db": "1.52.0" } }, "sha512-ZDY+bPm5zTTF+YpCrAU9nK0UgICYPT0QtT1NZWFv4s++TNkcgVaT0g6+4R2uI4MjQjzysHB1zxuWL50hzaeXiw=="],

    "ansi-align/string-width": ["string-width@4.2.3", "", { "dependencies": { "emoji-regex": "^8.0.0", "is-fullwidth-code-point": "^3.0.0", "strip-ansi": "^6.0.1" } }, "sha512-wKyQRQpjJ0sIp62ErSZdGsjMJWsap5oRNihHhu6G7JVO/9jIB6UyevL+tXuOqrng8j/cxKTWyWUwvSTriiZz/g=="],

    "boxen/type-fest": ["type-fest@2.19.0", "", {}, "sha512-RAH822pAdBgcNMAfWnCBU3CFZcfZ/i1eZjwFU/dsLKumyuuP3niueg2UAukXYF0E2AAoc82ZSSf9J0WQBinzHA=="],

    "chalk-template/chalk": ["chalk@4.1.2", "", { "dependencies": { "ansi-styles": "^4.1.0", "supports-color": "^7.1.0" } }, "sha512-oKnbhFyRIXpUuez8iBMmyEa4nbj4IOQyuhc/wy9kY7/WVPcwIO9VA668Pu8RkO7+0G76SLROeyw9CpQ061i4mA=="],

    "https-proxy-agent/debug": ["debug@4.4.1", "", { "dependencies": { "ms": "^2.1.3" } }, "sha512-KcKCqiftBJcZr++7ykoDIEwSa3XWowTfNPo92BYxjXiyYEVrUQh2aLyhxBCwww+heortUFxEJYcRzosstTEBYQ=="],

    "mime-types/mime-db": ["mime-db@1.33.0", "", {}, "sha512-BHJ/EKruNIqJf/QahvxwQZXKygOQ256myeN/Ew+THcAa5q+PjyTTMMeNQC4DZw5AwfvelsUrA6B67NKMqXDbzQ=="],

    "serve-handler/minimatch": ["minimatch@3.1.2", "", { "dependencies": { "brace-expansion": "^1.1.7" } }, "sha512-J7p63hRiAjw1NDEww1W7i37+ByIrOWO5XQQAzZ3VOcL0PNybwpfmV/N05zFAzwQ9USyEcX6t3UO+K5aqBQOIHw=="],

    "accepts/mime-types/mime-db": ["mime-db@1.52.0", "", {}, "sha512-sPU4uV7dYlvtWJxwwxHD0PuihVNiE7TyAbQ5SWxDCB9mUYvOgroQOwYQQOKPJ8CIbE+1ETVlOoK1UC2nU3gYvg=="],

    "ansi-align/string-width/emoji-regex": ["emoji-regex@8.0.0", "", {}, "sha512-MSjYzcWNOA0ewAHpz0MxpYFvwg6yjy1NG3xteoqz644VCo/RPgnr1/GGt+ic3iJTzQ8Eu3TdM14SawnVUmGE6A=="],

    "ansi-align/string-width/strip-ansi": ["strip-ansi@6.0.1", "", { "dependencies": { "ansi-regex": "^5.0.1" } }, "sha512-Y38VPSHcqkFrCpFnQ9vuSXmquuv5oXOKpGeT6aGrr3o3Gc9AlVa6JBfUSOCnbxGGZF+/0ooI7KrPuUSztUdU5A=="],

    "chalk-template/chalk/ansi-styles": ["ansi-styles@4.3.0", "", { "dependencies": { "color-convert": "^2.0.1" } }, "sha512-zbB9rCJAT1rbjiVDb2hqKFHNYLxgtk8NURxZ3IZwD3F6NtxbXZQCnnSi1Lkx+IDohdPlFp222wVALIheZJQSEg=="],

    "chalk-template/chalk/supports-color": ["supports-color@7.2.0", "", { "dependencies": { "has-flag": "^4.0.0" } }, "sha512-qpCAvRl9stuOHveKsn7HncJRvv501qIacKzQlO/+Lwxc9+0q2wLyv4Dfvt80/DPn2pqOBsJdDiogXGR9+OvwRw=="],

    "https-proxy-agent/debug/ms": ["ms@2.1.3", "", {}, "sha512-6FlzubTLZG3J2a/NVCAleEhjzq5oxgHyaCU9yYXvcLsvoVaHJq/s5xXI6/XXP6tz7R9xAOtHnSO/tXtF3WRTlA=="],

    "serve-handler/minimatch/brace-expansion": ["brace-expansion@1.1.11", "", { "dependencies": { "balanced-match": "^1.0.0", "concat-map": "0.0.1" } }, "sha512-iCuPHDFgrHX7H2vEI/5xpz07zSHB00TpugqhmYtVmMO6518mCuRMoOYFldEBl0g187ufozdaHgWKcYFb61qGiA=="],

    "ansi-align/string-width/strip-ansi/ansi-regex": ["ansi-regex@5.0.1", "", {}, "sha512-quJQXlTSUGL2LH9SUXo8VwsY4soanhgo6LNSm84E1LBcE8s3O0wpdiRzyR9z/ZZJMlMWv37qOOb9pdJlMUEKFQ=="],
  }
}
